
Microsoft Visual Studio Solution File, Format Version 12.00
# Visual Studio 15
VisualStudioVersion = 15.0.28010.2041
MinimumVisualStudioVersion = 10.0.40219.1
Project("{FAE04EC0-301F-11D3-BF4B-00C04F79EFBC}") = "AppIm.Android", "AppIm\AppIm.Android\AppIm.Android.csproj", "{77CC362B-203D-4F67-A628-77CC6DBB18A6}"
EndProject
Project("{FAE04EC0-301F-11D3-BF4B-00C04F79EFBC}") = "AppIm.iOS", "AppIm\AppIm.iOS\AppIm.iOS.csproj", "{1AD21806-EDB2-410F-A72B-DC6D77DB1E28}"
EndProject
Project("{FAE04EC0-301F-11D3-BF4B-00C04F79EFBC}") = "AppIm", "AppIm\AppIm\AppIm.csproj", "{9B38073F-2FC1-4BF2-B162-0C9993E5CC46}"
EndProject
Global
	GlobalSection(SolutionConfigurationPlatforms) = preSolution
		Ad-Hoc|Any CPU = Ad-Hoc|Any CPU
		Ad-Hoc|iPhone = Ad-Hoc|iPhone
		Ad-Hoc|iPhoneSimulator = Ad-Hoc|iPhoneSimulator
		AppStore|Any CPU = AppStore|Any CPU
		AppStore|iPhone = AppStore|iPhone
		AppStore|iPhoneSimulator = AppStore|iPhoneSimulator
		Debug|Any CPU = Debug|Any CPU
		Debug|iPhone = Debug|iPhone
		Debug|iPhoneSimulator = Debug|iPhoneSimulator
		Release|Any CPU = Release|Any CPU
		Release|iPhone = Release|iPhone
		Release|iPhoneSimulator = Release|iPhoneSimulator
	EndGlobalSection
	GlobalSection(ProjectConfigurationPlatforms) = postSolution
		{77CC362B-203D-4F67-A628-77CC6DBB18A6}.Ad-Hoc|Any CPU.ActiveCfg = Release|Any CPU
		{77CC362B-203D-4F67-A628-77CC6DBB18A6}.Ad-Hoc|Any CPU.Build.0 = Release|Any CPU
		{77CC362B-203D-4F67-A628-77CC6DBB18A6}.Ad-Hoc|Any CPU.Deploy.0 = Release|Any CPU
		{77CC362B-203D-4F67-A628-77CC6DBB18A6}.Ad-Hoc|iPhone.ActiveCfg = Release|Any CPU
		{77CC362B-203D-4F67-A628-77CC6DBB18A6}.Ad-Hoc|iPhone.Build.0 = Release|Any CPU
		{77CC362B-203D-4F67-A628-77CC6DBB18A6}.Ad-Hoc|iPhone.Deploy.0 = Release|Any CPU
		{77CC362B-203D-4F67-A628-77CC6DBB18A6}.Ad-Hoc|iPhoneSimulator.ActiveCfg = Release|Any CPU
		{77CC362B-203D-4F67-A628-77CC6DBB18A6}.Ad-Hoc|iPhoneSimulator.Build.0 = Release|Any CPU
		{77CC362B-203D-4F67-A628-77CC6DBB18A6}.Ad-Hoc|iPhoneSimulator.Deploy.0 = Release|Any CPU
		{77CC362B-203D-4F67-A628-77CC6DBB18A6}.AppStore|Any CPU.ActiveCfg = Release|Any CPU
		{77CC362B-203D-4F67-A628-77CC6DBB18A6}.AppStore|Any CPU.Build.0 = Release|Any CPU
		{77CC362B-203D-4F67-A628-77CC6DBB18A6}.AppStore|Any CPU.Deploy.0 = Release|Any CPU
		{77CC362B-203D-4F67-A628-77CC6DBB18A6}.AppStore|iPhone.ActiveCfg = Release|Any CPU
		{77CC362B-203D-4F67-A628-77CC6DBB18A6}.AppStore|iPhone.Build.0 = Release|Any CPU
		{77CC362B-203D-4F67-A628-77CC6DBB18A6}.AppStore|iPhone.Deploy.0 = Release|Any CPU
		{77CC362B-203D-4F67-A628-77CC6DBB18A6}.AppStore|iPhoneSimulator.ActiveCfg = Release|Any CPU
		{77CC362B-203D-4F67-A628-77CC6DBB18A6}.AppStore|iPhoneSimulator.Build.0 = Release|Any CPU
		{77CC362B-203D-4F67-A628-77CC6DBB18A6}.AppStore|iPhoneSimulator.Deploy.0 = Release|Any CPU
		{77CC362B-203D-4F67-A628-77CC6DBB18A6}.Debug|Any CPU.ActiveCfg = Debug|Any CPU
		{77CC362B-203D-4F67-A628-77CC6DBB18A6}.Debug|Any CPU.Build.0 = Debug|Any CPU
		{77CC362B-203D-4F67-A628-77CC6DBB18A6}.Debug|Any CPU.Deploy.0 = Debug|Any CPU
		{77CC362B-203D-4F67-A628-77CC6DBB18A6}.Debug|iPhone.ActiveCfg = Debug|Any CPU
		{77CC362B-203D-4F67-A628-77CC6DBB18A6}.Debug|iPhone.Build.0 = Debug|Any CPU
		{77CC362B-203D-4F67-A628-77CC6DBB18A6}.Debug|iPhone.Deploy.0 = Debug|Any CPU
		{77CC362B-203D-4F67-A628-77CC6DBB18A6}.Debug|iPhoneSimulator.ActiveCfg = Debug|Any CPU
		{77CC362B-203D-4F67-A628-77CC6DBB18A6}.Debug|iPhoneSimulator.Build.0 = Debug|Any CPU
		{77CC362B-203D-4F67-A628-77CC6DBB18A6}.Debug|iPhoneSimulator.Deploy.0 = Debug|Any CPU
		{77CC362B-203D-4F67-A628-77CC6DBB18A6}.Release|Any CPU.ActiveCfg = Release|Any CPU
		{77CC362B-203D-4F67-A628-77CC6DBB18A6}.Release|Any CPU.Build.0 = Release|Any CPU
		{77CC362B-203D-4F67-A628-77CC6DBB18A6}.Release|Any CPU.Deploy.0 = Release|Any CPU
		{77CC362B-203D-4F67-A628-77CC6DBB18A6}.Release|iPhone.ActiveCfg = Release|Any CPU
		{77CC362B-203D-4F67-A628-77CC6DBB18A6}.Release|iPhone.Build.0 = Release|Any CPU
		{77CC362B-203D-4F67-A628-77CC6DBB18A6}.Release|iPhone.Deploy.0 = Release|Any CPU
		{77CC362B-203D-4F67-A628-77CC6DBB18A6}.Release|iPhoneSimulator.ActiveCfg = Release|Any CPU
		{77CC362B-203D-4F67-A628-77CC6DBB18A6}.Release|iPhoneSimulator.Build.0 = Release|Any CPU
		{77CC362B-203D-4F67-A628-77CC6DBB18A6}.Release|iPhoneSimulator.Deploy.0 = Release|Any CPU
		{1AD21806-EDB2-410F-A72B-DC6D77DB1E28}.Ad-Hoc|Any CPU.ActiveCfg = Ad-Hoc|iPhone
		{1AD21806-EDB2-410F-A72B-DC6D77DB1E28}.Ad-Hoc|Any CPU.Build.0 = Ad-Hoc|iPhone
		{1AD21806-EDB2-410F-A72B-DC6D77DB1E28}.Ad-Hoc|Any CPU.Deploy.0 = Ad-Hoc|iPhone
		{1AD21806-EDB2-410F-A72B-DC6D77DB1E28}.Ad-Hoc|iPhone.ActiveCfg = Ad-Hoc|iPhone
		{1AD21806-EDB2-410F-A72B-DC6D77DB1E28}.Ad-Hoc|iPhone.Build.0 = Ad-Hoc|iPhone
		{1AD21806-EDB2-410F-A72B-DC6D77DB1E28}.Ad-Hoc|iPhone.Deploy.0 = Ad-Hoc|iPhone
		{1AD21806-EDB2-410F-A72B-DC6D77DB1E28}.Ad-Hoc|iPhoneSimulator.ActiveCfg = Ad-Hoc|iPhoneSimulator
		{1AD21806-EDB2-410F-A72B-DC6D77DB1E28}.Ad-Hoc|iPhoneSimulator.Build.0 = Ad-Hoc|iPhoneSimulator
		{1AD21806-EDB2-410F-A72B-DC6D77DB1E28}.Ad-Hoc|iPhoneSimulator.Deploy.0 = Ad-Hoc|iPhoneSimulator
		{1AD21806-EDB2-410F-A72B-DC6D77DB1E28}.AppStore|Any CPU.ActiveCfg = AppStore|iPhone
		{1AD21806-EDB2-410F-A72B-DC6D77DB1E28}.AppStore|Any CPU.Build.0 = AppStore|iPhone
		{1AD21806-EDB2-410F-A72B-DC6D77DB1E28}.AppStore|Any CPU.Deploy.0 = AppStore|iPhone
		{1AD21806-EDB2-410F-A72B-DC6D77DB1E28}.AppStore|iPhone.ActiveCfg = AppStore|iPhone
		{1AD21806-EDB2-410F-A72B-DC6D77DB1E28}.AppStore|iPhone.Build.0 = AppStore|iPhone
		{1AD21806-EDB2-410F-A72B-DC6D77DB1E28}.AppStore|iPhone.Deploy.0 = AppStore|iPhone
		{1AD21806-EDB2-410F-A72B-DC6D77DB1E28}.AppStore|iPhoneSimulator.ActiveCfg = AppStore|iPhoneSimulator
		{1AD21806-EDB2-410F-A72B-DC6D77DB1E28}.AppStore|iPhoneSimulator.Build.0 = AppStore|iPhoneSimulator
		{1AD21806-EDB2-410F-A72B-DC6D77DB1E28}.AppStore|iPhoneSimulator.Deploy.0 = AppStore|iPhoneSimulator
		{1AD21806-EDB2-410F-A72B-DC6D77DB1E28}.Debug|Any CPU.ActiveCfg = Debug|iPhoneSimulator
		{1AD21806-EDB2-410F-A72B-DC6D77DB1E28}.Debug|Any CPU.Build.0 = Debug|iPhoneSimulator
		{1AD21806-EDB2-410F-A72B-DC6D77DB1E28}.Debug|Any CPU.Deploy.0 = Debug|iPhoneSimulator
		{1AD21806-EDB2-410F-A72B-DC6D77DB1E28}.Debug|iPhone.ActiveCfg = Debug|iPhone
		{1AD21806-EDB2-410F-A72B-DC6D77DB1E28}.Debug|iPhone.Build.0 = Debug|iPhone
		{1AD21806-EDB2-410F-A72B-DC6D77DB1E28}.Debug|iPhone.Deploy.0 = Debug|iPhone
		{1AD21806-EDB2-410F-A72B-DC6D77DB1E28}.Debug|iPhoneSimulator.ActiveCfg = Debug|iPhoneSimulator
		{1AD21806-EDB2-410F-A72B-DC6D77DB1E28}.Debug|iPhoneSimulator.Build.0 = Debug|iPhoneSimulator
		{1AD21806-EDB2-410F-A72B-DC6D77DB1E28}.Debug|iPhoneSimulator.Deploy.0 = Debug|iPhoneSimulator
		{1AD21806-EDB2-410F-A72B-DC6D77DB1E28}.Release|Any CPU.ActiveCfg = Release|iPhone
		{1AD21806-EDB2-410F-A72B-DC6D77DB1E28}.Release|Any CPU.Build.0 = Release|iPhone
		{1AD21806-EDB2-410F-A72B-DC6D77DB1E28}.Release|Any CPU.Deploy.0 = Release|iPhone
		{1AD21806-EDB2-410F-A72B-DC6D77DB1E28}.Release|iPhone.ActiveCfg = Release|iPhone
		{1AD21806-EDB2-410F-A72B-DC6D77DB1E28}.Release|iPhone.Build.0 = Release|iPhone
		{1AD21806-EDB2-410F-A72B-DC6D77DB1E28}.Release|iPhone.Deploy.0 = Release|iPhone
		{1AD21806-EDB2-410F-A72B-DC6D77DB1E28}.Release|iPhoneSimulator.ActiveCfg = Release|iPhoneSimulator
		{1AD21806-EDB2-410F-A72B-DC6D77DB1E28}.Release|iPhoneSimulator.Build.0 = Release|iPhoneSimulator
		{1AD21806-EDB2-410F-A72B-DC6D77DB1E28}.Release|iPhoneSimulator.Deploy.0 = Release|iPhoneSimulator
		{9B38073F-2FC1-4BF2-B162-0C9993E5CC46}.Ad-Hoc|Any CPU.ActiveCfg = Debug|Any CPU
		{9B38073F-2FC1-4BF2-B162-0C9993E5CC46}.Ad-Hoc|Any CPU.Build.0 = Debug|Any CPU
		{9B38073F-2FC1-4BF2-B162-0C9993E5CC46}.Ad-Hoc|Any CPU.Deploy.0 = Debug|Any CPU
		{9B38073F-2FC1-4BF2-B162-0C9993E5CC46}.Ad-Hoc|iPhone.ActiveCfg = Debug|Any CPU
		{9B38073F-2FC1-4BF2-B162-0C9993E5CC46}.Ad-Hoc|iPhone.Build.0 = Debug|Any CPU
		{9B38073F-2FC1-4BF2-B162-0C9993E5CC46}.Ad-Hoc|iPhone.Deploy.0 = Debug|Any CPU
		{9B38073F-2FC1-4BF2-B162-0C9993E5CC46}.Ad-Hoc|iPhoneSimulator.ActiveCfg = Debug|Any CPU
		{9B38073F-2FC1-4BF2-B162-0C9993E5CC46}.Ad-Hoc|iPhoneSimulator.Build.0 = Debug|Any CPU
		{9B38073F-2FC1-4BF2-B162-0C9993E5CC46}.Ad-Hoc|iPhoneSimulator.Deploy.0 = Debug|Any CPU
		{9B38073F-2FC1-4BF2-B162-0C9993E5CC46}.AppStore|Any CPU.ActiveCfg = Debug|Any CPU
		{9B38073F-2FC1-4BF2-B162-0C9993E5CC46}.AppStore|Any CPU.Build.0 = Debug|Any CPU
		{9B38073F-2FC1-4BF2-B162-0C9993E5CC46}.AppStore|Any CPU.Deploy.0 = Debug|Any CPU
		{9B38073F-2FC1-4BF2-B162-0C9993E5CC46}.AppStore|iPhone.ActiveCfg = Debug|Any CPU
		{9B38073F-2FC1-4BF2-B162-0C9993E5CC46}.AppStore|iPhone.Build.0 = Debug|Any CPU
		{9B38073F-2FC1-4BF2-B162-0C9993E5CC46}.AppStore|iPhone.Deploy.0 = Debug|Any CPU
		{9B38073F-2FC1-4BF2-B162-0C9993E5CC46}.AppStore|iPhoneSimulator.ActiveCfg = Debug|Any CPU
		{9B38073F-2FC1-4BF2-B162-0C9993E5CC46}.AppStore|iPhoneSimulator.Build.0 = Debug|Any CPU
		{9B38073F-2FC1-4BF2-B162-0C9993E5CC46}.AppStore|iPhoneSimulator.Deploy.0 = Debug|Any CPU
		{9B38073F-2FC1-4BF2-B162-0C9993E5CC46}.Debug|Any CPU.ActiveCfg = Debug|Any CPU
		{9B38073F-2FC1-4BF2-B162-0C9993E5CC46}.Debug|Any CPU.Build.0 = Debug|Any CPU
		{9B38073F-2FC1-4BF2-B162-0C9993E5CC46}.Debug|Any CPU.Deploy.0 = Debug|Any CPU
		{9B38073F-2FC1-4BF2-B162-0C9993E5CC46}.Debug|iPhone.ActiveCfg = Debug|Any CPU
		{9B38073F-2FC1-4BF2-B162-0C9993E5CC46}.Debug|iPhone.Build.0 = Debug|Any CPU
		{9B38073F-2FC1-4BF2-B162-0C9993E5CC46}.Debug|iPhone.Deploy.0 = Debug|Any CPU
		{9B38073F-2FC1-4BF2-B162-0C9993E5CC46}.Debug|iPhoneSimulator.ActiveCfg = Debug|Any CPU
		{9B38073F-2FC1-4BF2-B162-0C9993E5CC46}.Debug|iPhoneSimulator.Build.0 = Debug|Any CPU
		{9B38073F-2FC1-4BF2-B162-0C9993E5CC46}.Debug|iPhoneSimulator.Deploy.0 = Debug|Any CPU
		{9B38073F-2FC1-4BF2-B162-0C9993E5CC46}.Release|Any CPU.ActiveCfg = Release|Any CPU
		{9B38073F-2FC1-4BF2-B162-0C9993E5CC46}.Release|Any CPU.Build.0 = Release|Any CPU
		{9B38073F-2FC1-4BF2-B162-0C9993E5CC46}.Release|Any CPU.Deploy.0 = Release|Any CPU
		{9B38073F-2FC1-4BF2-B162-0C9993E5CC46}.Release|iPhone.ActiveCfg = Release|Any CPU
		{9B38073F-2FC1-4BF2-B162-0C9993E5CC46}.Release|iPhone.Build.0 = Release|Any CPU
		{9B38073F-2FC1-4BF2-B162-0C9993E5CC46}.Release|iPhone.Deploy.0 = Release|Any CPU
		{9B38073F-2FC1-4BF2-B162-0C9993E5CC46}.Release|iPhoneSimulator.ActiveCfg = Release|Any CPU
		{9B38073F-2FC1-4BF2-B162-0C9993E5CC46}.Release|iPhoneSimulator.Build.0 = Release|Any CPU
		{9B38073F-2FC1-4BF2-B162-0C9993E5CC46}.Release|iPhoneSimulator.Deploy.0 = Release|Any CPU
	EndGlobalSection
	GlobalSection(SolutionProperties) = preSolution
		HideSolutionNode = FALSE
	EndGlobalSection
	GlobalSection(ExtensibilityGlobals) = postSolution
		SolutionGuid = {1A8DC7BA-7D59-428D-9AE4-C45EDC465852}
	EndGlobalSection
EndGlobal
